// !$*UTF8*$!
{
	archiveVersion = 1;
	classes = {
	};
	objectVersion = 46;
	objects = {

/* Begin PBXBuildFile section */
		5C7644981E90F4DF00288043 /* main.m in Sources */ = {isa = PBXBuildFile; fileRef = 5C7644971E90F4DF00288043 /* main.m */; };
		5C76449B1E90F4DF00288043 /* AppDelegate.m in Sources */ = {isa = PBXBuildFile; fileRef = 5C76449A1E90F4DF00288043 /* AppDelegate.m */; };
		5C76449E1E90F4DF00288043 /* ViewController.m in Sources */ = {isa = PBXBuildFile; fileRef = 5C76449D1E90F4DF00288043 /* ViewController.m */; };
		5C7644A11E90F4DF00288043 /* Main.storyboard in Resources */ = {isa = PBXBuildFile; fileRef = 5C76449F1E90F4DF00288043 /* Main.storyboard */; };
		5C7644A31E90F4DF00288043 /* Assets.xcassets in Resources */ = {isa = PBXBuildFile; fileRef = 5C7644A21E90F4DF00288043 /* Assets.xcassets */; };
		5C7644A61E90F4DF00288043 /* LaunchScreen.storyboard in Resources */ = {isa = PBXBuildFile; fileRef = 5C7644A41E90F4DF00288043 /* LaunchScreen.storyboard */; };
		5CC423DB1E9CCBFA009A0D54 /* live.png in Resources */ = {isa = PBXBuildFile; fileRef = 5CC423DA1E9CCBFA009A0D54 /* live.png */; };
		5CC4240C1E9DCEA7009A0D54 /* LLActivityindicatorView.m in Sources */ = {isa = PBXBuildFile; fileRef = 5CC424021E9DCEA7009A0D54 /* LLActivityindicatorView.m */; };
		5CC4240D1E9DCEA7009A0D54 /* LLBarProgressView.m in Sources */ = {isa = PBXBuildFile; fileRef = 5CC424041E9DCEA7009A0D54 /* LLBarProgressView.m */; };
		5CC4240E1E9DCEA7009A0D54 /* LLProgressHUD.bundle in Resources */ = {isa = PBXBuildFile; fileRef = 5CC424051E9DCEA7009A0D54 /* LLProgressHUD.bundle */; };
		5CC4240F1E9DCEA7009A0D54 /* LLProgressHUD.m in Sources */ = {isa = PBXBuildFile; fileRef = 5CC424071E9DCEA7009A0D54 /* LLProgressHUD.m */; };
		5CC424101E9DCEA7009A0D54 /* LLRoundProgressView.m in Sources */ = {isa = PBXBuildFile; fileRef = 5CC424091E9DCEA7009A0D54 /* LLRoundProgressView.m */; };
		5CC424111E9DCEA7009A0D54 /* LLTextLabel.m in Sources */ = {isa = PBXBuildFile; fileRef = 5CC4240B1E9DCEA7009A0D54 /* LLTextLabel.m */; };
		5CC424131E9DD3B6009A0D54 /* loading.png in Resources */ = {isa = PBXBuildFile; fileRef = 5CC424121E9DD3B6009A0D54 /* loading.png */; };
/* End PBXBuildFile section */

/* Begin PBXFileReference section */
		5C7644931E90F4DF00288043 /* LLProgressHUD.app */ = {isa = PBXFileReference; explicitFileType = wrapper.application; includeInIndex = 0; path = LLProgressHUD.app; sourceTree = BUILT_PRODUCTS_DIR; };
		5C7644971E90F4DF00288043 /* main.m */ = {isa = PBXFileReference; lastKnownFileType = sourcecode.c.objc; path = main.m; sourceTree = "<group>"; };
		5C7644991E90F4DF00288043 /* AppDelegate.h */ = {isa = PBXFileReference; lastKnownFileType = sourcecode.c.h; path = AppDelegate.h; sourceTree = "<group>"; };
		5C76449A1E90F4DF00288043 /* AppDelegate.m */ = {isa = PBXFileReference; lastKnownFileType = sourcecode.c.objc; path = AppDelegate.m; sourceTree = "<group>"; };
		5C76449C1E90F4DF00288043 /* ViewController.h */ = {isa = PBXFileReference; lastKnownFileType = sourcecode.c.h; path = ViewController.h; sourceTree = "<group>"; };
		5C76449D1E90F4DF00288043 /* ViewController.m */ = {isa = PBXFileReference; lastKnownFileType = sourcecode.c.objc; path = ViewController.m; sourceTree = "<group>"; };
		5C7644A01E90F4DF00288043 /* Base */ = {isa = PBXFileReference; lastKnownFileType = file.storyboard; name = Base; path = Base.lproj/Main.storyboard; sourceTree = "<group>"; };
		5C7644A21E90F4DF00288043 /* Assets.xcassets */ = {isa = PBXFileReference; lastKnownFileType = folder.assetcatalog; path = Assets.xcassets; sourceTree = "<group>"; };
		5C7644A51E90F4DF00288043 /* Base */ = {isa = PBXFileReference; lastKnownFileType = file.storyboard; name = Base; path = Base.lproj/LaunchScreen.storyboard; sourceTree = "<group>"; };
		5C7644A71E90F4DF00288043 /* Info.plist */ = {isa = PBXFileReference; lastKnownFileType = text.plist.xml; path = Info.plist; sourceTree = "<group>"; };
		5CC423DA1E9CCBFA009A0D54 /* live.png */ = {isa = PBXFileReference; lastKnownFileType = image.png; path = live.png; sourceTree = "<group>"; };
		5CC424011E9DCEA7009A0D54 /* LLActivityindicatorView.h */ = {isa = PBXFileReference; fileEncoding = 4; lastKnownFileType = sourcecode.c.h; path = LLActivityindicatorView.h; sourceTree = "<group>"; };
		5CC424021E9DCEA7009A0D54 /* LLActivityindicatorView.m */ = {isa = PBXFileReference; fileEncoding = 4; lastKnownFileType = sourcecode.c.objc; path = LLActivityindicatorView.m; sourceTree = "<group>"; };
		5CC424031E9DCEA7009A0D54 /* LLBarProgressView.h */ = {isa = PBXFileReference; fileEncoding = 4; lastKnownFileType = sourcecode.c.h; path = LLBarProgressView.h; sourceTree = "<group>"; };
		5CC424041E9DCEA7009A0D54 /* LLBarProgressView.m */ = {isa = PBXFileReference; fileEncoding = 4; lastKnownFileType = sourcecode.c.objc; path = LLBarProgressView.m; sourceTree = "<group>"; };
		5CC424051E9DCEA7009A0D54 /* LLProgressHUD.bundle */ = {isa = PBXFileReference; lastKnownFileType = "wrapper.plug-in"; path = LLProgressHUD.bundle; sourceTree = "<group>"; };
		5CC424061E9DCEA7009A0D54 /* LLProgressHUD.h */ = {isa = PBXFileReference; fileEncoding = 4; lastKnownFileType = sourcecode.c.h; path = LLProgressHUD.h; sourceTree = "<group>"; };
		5CC424071E9DCEA7009A0D54 /* LLProgressHUD.m */ = {isa = PBXFileReference; fileEncoding = 4; lastKnownFileType = sourcecode.c.objc; path = LLProgressHUD.m; sourceTree = "<group>"; };
		5CC424081E9DCEA7009A0D54 /* LLRoundProgressView.h */ = {isa = PBXFileReference; fileEncoding = 4; lastKnownFileType = sourcecode.c.h; path = LLRoundProgressView.h; sourceTree = "<group>"; };
		5CC424091E9DCEA7009A0D54 /* LLRoundProgressView.m */ = {isa = PBXFileReference; fileEncoding = 4; lastKnownFileType = sourcecode.c.objc; path = LLRoundProgressView.m; sourceTree = "<group>"; };
		5CC4240A1E9DCEA7009A0D54 /* LLTextLabel.h */ = {isa = PBXFileReference; fileEncoding = 4; lastKnownFileType = sourcecode.c.h; path = LLTextLabel.h; sourceTree = "<group>"; };
		5CC4240B1E9DCEA7009A0D54 /* LLTextLabel.m */ = {isa = PBXFileReference; fileEncoding = 4; lastKnownFileType = sourcecode.c.objc; path = LLTextLabel.m; sourceTree = "<group>"; };
		5CC424121E9DD3B6009A0D54 /* loading.png */ = {isa = PBXFileReference; lastKnownFileType = image.png; path = loading.png; sourceTree = "<group>"; };
/* End PBXFileReference section */

/* Begin PBXFrameworksBuildPhase section */
		5C7644901E90F4DF00288043 /* Frameworks */ = {
			isa = PBXFrameworksBuildPhase;
			buildActionMask = 2147483647;
			files = (
			);
			runOnlyForDeploymentPostprocessing = 0;
		};
/* End PBXFrameworksBuildPhase section */

/* Begin PBXGroup section */
		5C76448A1E90F4DF00288043 = {
			isa = PBXGroup;
			children = (
				5C7644951E90F4DF00288043 /* LLProgressHUD */,
				5C7644941E90F4DF00288043 /* Products */,
			);
			sourceTree = "<group>";
		};
		5C7644941E90F4DF00288043 /* Products */ = {
			isa = PBXGroup;
			children = (
				5C7644931E90F4DF00288043 /* LLProgressHUD.app */,
			);
			name = Products;
			sourceTree = "<group>";
		};
		5C7644951E90F4DF00288043 /* LLProgressHUD */ = {
			isa = PBXGroup;
			children = (
				5CC424001E9DCEA7009A0D54 /* LLProgressHUD */,
				5C7644991E90F4DF00288043 /* AppDelegate.h */,
				5C76449A1E90F4DF00288043 /* AppDelegate.m */,
				5CC423DA1E9CCBFA009A0D54 /* live.png */,
				5CC424121E9DD3B6009A0D54 /* loading.png */,
				5C76449C1E90F4DF00288043 /* ViewController.h */,
				5C76449D1E90F4DF00288043 /* ViewController.m */,
				5C76449F1E90F4DF00288043 /* Main.storyboard */,
				5C7644A21E90F4DF00288043 /* Assets.xcassets */,
				5C7644A41E90F4DF00288043 /* LaunchScreen.storyboard */,
				5C7644A71E90F4DF00288043 /* Info.plist */,
				5C7644961E90F4DF00288043 /* Supporting Files */,
			);
			path = LLProgressHUD;
			sourceTree = "<group>";
		};
		5C7644961E90F4DF00288043 /* Supporting Files */ = {
			isa = PBXGroup;
			children = (
				5C7644971E90F4DF00288043 /* main.m */,
			);
			name = "Supporting Files";
			sourceTree = "<group>";
		};
		5CC424001E9DCEA7009A0D54 /* LLProgressHUD */ = {
			isa = PBXGroup;
			children = (
				5CC424011E9DCEA7009A0D54 /* LLActivityindicatorView.h */,
				5CC424021E9DCEA7009A0D54 /* LLActivityindicatorView.m */,
				5CC424031E9DCEA7009A0D54 /* LLBarProgressView.h */,
				5CC424041E9DCEA7009A0D54 /* LLBarProgressView.m */,
				5CC424051E9DCEA7009A0D54 /* LLProgressHUD.bundle */,
				5CC424061E9DCEA7009A0D54 /* LLProgressHUD.h */,
				5CC424071E9DCEA7009A0D54 /* LLProgressHUD.m */,
				5CC424081E9DCEA7009A0D54 /* LLRoundProgressView.h */,
				5CC424091E9DCEA7009A0D54 /* LLRoundProgressView.m */,
				5CC4240A1E9DCEA7009A0D54 /* LLTextLabel.h */,
				5CC4240B1E9DCEA7009A0D54 /* LLTextLabel.m */,
			);
			name = LLProgressHUD;
			path = ../../LLProgressHUD;
			sourceTree = "<group>";
		};
/* End PBXGroup section */

/* Begin PBXNativeTarget section */
		5C7644921E90F4DF00288043 /* LLProgressHUD */ = {
			isa = PBXNativeTarget;
			buildConfigurationList = 5C7644AA1E90F4DF00288043 /* Build configuration list for PBXNativeTarget "LLProgressHUD" */;
			buildPhases = (
				5C76448F1E90F4DF00288043 /* Sources */,
				5C7644901E90F4DF00288043 /* Frameworks */,
				5C7644911E90F4DF00288043 /* Resources */,
			);
			buildRules = (
			);
			dependencies = (
			);
			name = LLProgressHUD;
			productName = LLProgressHUD;
			productReference = 5C7644931E90F4DF00288043 /* LLProgressHUD.app */;
			productType = "com.apple.product-type.application";
		};
/* End PBXNativeTarget section */

/* Begin PBXProject section */
		5C76448B1E90F4DF00288043 /* Project object */ = {
			isa = PBXProject;
			attributes = {
				LastUpgradeCheck = 0830;
				ORGANIZATIONNAME = LEVEN;
				TargetAttributes = {
					5C7644921E90F4DF00288043 = {
						CreatedOnToolsVersion = 8.3;
						DevelopmentTeam = VTM77ASKC8;
						ProvisioningStyle = Automatic;
					};
				};
			};
			buildConfigurationList = 5C76448E1E90F4DF00288043 /* Build configuration list for PBXProject "LLProgressHUD" */;
			compatibilityVersion = "Xcode 3.2";
			developmentRegion = English;
			hasScannedForEncodings = 0;
			knownRegions = (
				en,
				Base,
			);
			mainGroup = 5C76448A1E90F4DF00288043;
			productRefGroup = 5C7644941E90F4DF00288043 /* Products */;
			projectDirPath = "";
			projectRoot = "";
			targets = (
				5C7644921E90F4DF00288043 /* LLProgressHUD */,
			);
		};
/* End PBXProject section */

/* Begin PBXResourcesBuildPhase section */
		5C7644911E90F4DF00288043 /* Resources */ = {
			isa = PBXResourcesBuildPhase;
			buildActionMask = 2147483647;
			files = (
				5CC424131E9DD3B6009A0D54 /* loading.png in Resources */,
				5CC4240E1E9DCEA7009A0D54 /* LLProgressHUD.bundle in Resources */,
				5C7644A61E90F4DF00288043 /* LaunchScreen.storyboard in Resources */,
				5CC423DB1E9CCBFA009A0D54 /* live.png in Resources */,
				5C7644A31E90F4DF00288043 /* Assets.xcassets in Resources */,
				5C7644A11E90F4DF00288043 /* Main.storyboard in Resources */,
			);
			runOnlyForDeploymentPostprocessing = 0;
		};
/* End PBXResourcesBuildPhase section */

/* Begin PBXSourcesBuildPhase section */
		5C76448F1E90F4DF00288043 /* Sources */ = {
			isa = PBXSourcesBuildPhase;
			buildActionMask = 2147483647;
			files = (
				5CC4240F1E9DCEA7009A0D54 /* LLProgressHUD.m in Sources */,
				5C76449E1E90F4DF00288043 /* ViewController.m in Sources */,
				5CC4240C1E9DCEA7009A0D54 /* LLActivityindicatorView.m in Sources */,
				5C76449B1E90F4DF00288043 /* AppDelegate.m in Sources */,
				5C7644981E90F4DF00288043 /* main.m in Sources */,
				5CC424111E9DCEA7009A0D54 /* LLTextLabel.m in Sources */,
				5CC4240D1E9DCEA7009A0D54 /* LLBarProgressView.m in Sources */,
				5CC424101E9DCEA7009A0D54 /* LLRoundProgressView.m in Sources */,
			);
			runOnlyForDeploymentPostprocessing = 0;
		};
/* End PBXSourcesBuildPhase section */

/* Begin PBXVariantGroup section */
		5C76449F1E90F4DF00288043 /* Main.storyboard */ = {
			isa = PBXVariantGroup;
			children = (
				5C7644A01E90F4DF00288043 /* Base */,
			);
			name = Main.storyboard;
			sourceTree = "<group>";
		};
		5C7644A41E90F4DF00288043 /* LaunchScreen.storyboard */ = {
			isa = PBXVariantGroup;
			children = (
				5C7644A51E90F4DF00288043 /* Base */,
			);
			name = LaunchScreen.storyboard;
			sourceTree = "<group>";
		};
/* End PBXVariantGroup section */

/* Begin XCBuildConfiguration section */
		5C7644A81E90F4DF00288043 /* Debug */ = {
			isa = XCBuildConfiguration;
			buildSettings = {
				ALWAYS_SEARCH_USER_PATHS = NO;
				CLANG_ANALYZER_NONNULL = YES;
				CLANG_ANALYZER_NUMBER_OBJECT_CONVERSION = YES_AGGRESSIVE;
				CLANG_CXX_LANGUAGE_STANDARD = "gnu++0x";
				CLANG_CXX_LIBRARY = "libc++";
				CLANG_ENABLE_MODULES = YES;
				CLANG_ENABLE_OBJC_ARC = YES;
				CLANG_WARN_BOOL_CONVERSION = YES;
				CLANG_WARN_CONSTANT_CONVERSION = YES;
				CLANG_WARN_DIRECT_OBJC_ISA_USAGE = YES_ERROR;
				CLANG_WARN_DOCUMENTATION_COMMENTS = YES;
				CLANG_WARN_EMPTY_BODY = YES;
				CLANG_WARN_ENUM_CONVERSION = YES;
				CLANG_WARN_INFINITE_RECURSION = YES;
				CLANG_WARN_INT_CONVERSION = YES;
				CLANG_WARN_OBJC_ROOT_CLASS = YES_ERROR;
				CLANG_WARN_SUSPICIOUS_MOVE = YES;
				CLANG_WARN_UNREACHABLE_CODE = YES;
				CLANG_WARN__DUPLICATE_METHOD_MATCH = YES;
				"CODE_SIGN_IDENTITY[sdk=iphoneos*]" = "iPhone Developer";
				COPY_PHASE_STRIP = NO;
				DEBUG_INFORMATION_FORMAT = dwarf;
				ENABLE_STRICT_OBJC_MSGSEND = YES;
				ENABLE_TESTABILITY = YES;
				GCC_C_LANGUAGE_STANDARD = gnu99;
				GCC_DYNAMIC_NO_PIC = NO;
				GCC_NO_COMMON_BLOCKS = YES;
				GCC_OPTIMIZATION_LEVEL = 0;
				GCC_PREPROCESSOR_DEFINITIONS = (
					"DEBUG=1",
					"$(inherited)",
				);
				GCC_WARN_64_TO_32_BIT_CONVERSION = YES;
				GCC_WARN_ABOUT_RETURN_TYPE = YES_ERROR;
				GCC_WARN_UNDECLARED_SELECTOR = YES;
				GCC_WARN_UNINITIALIZED_AUTOS = YES_AGGRESSIVE;
				GCC_WARN_UNUSED_FUNCTION = YES;
				GCC_WARN_UNUSED_VARIABLE = YES;
				IPHONEOS_DEPLOYMENT_TARGET = 8.0;
				MTL_ENABLE_DEBUG_INFO = YES;
				ONLY_ACTIVE_ARCH = YES;
				SDKROOT = iphoneos;
			};
			name = Debug;
		};
		5C7644A91E90F4DF00288043 /* Release */ = {
			isa = XCBuildConfiguration;
			buildSettings = {
				ALWAYS_SEARCH_USER_PATHS = NO;
				CLANG_ANALYZER_NONNULL = YES;
				CLANG_ANALYZER_NUMBER_OBJECT_CONVERSION = YES_AGGRESSIVE;
				CLANG_CXX_LANGUAGE_STANDARD = "gnu++0x";
				CLANG_CXX_LIBRARY = "libc++";
				CLANG_ENABLE_MODULES = YES;
				CLANG_ENABLE_OBJC_ARC = YES;
				CLANG_WARN_BOOL_CONVERSION = YES;
				CLANG_WARN_CONSTANT_CONVERSION = YES;
				CLANG_WARN_DIRECT_OBJC_ISA_USAGE = YES_ERROR;
				CLANG_WARN_DOCUMENTATION_COMMENTS = YES;
				CLANG_WARN_EMPTY_BODY = YES;
				CLANG_WARN_ENUM_CONVERSION = YES;
				CLANG_WARN_INFINITE_RECURSION = YES;
				CLANG_WARN_INT_CONVERSION = YES;
				CLANG_WARN_OBJC_ROOT_CLASS = YES_ERROR;
				CLANG_WARN_SUSPICIOUS_MOVE = YES;
				CLANG_WARN_UNREACHABLE_CODE = YES;
				CLANG_WARN__DUPLICATE_METHOD_MATCH = YES;
				"CODE_SIGN_IDENTITY[sdk=iphoneos*]" = "iPhone Developer";
				COPY_PHASE_STRIP = NO;
				DEBUG_INFORMATION_FORMAT = "dwarf-with-dsym";
				ENABLE_NS_ASSERTIONS = NO;
				ENABLE_STRICT_OBJC_MSGSEND = YES;
				GCC_C_LANGUAGE_STANDARD = gnu99;
				GCC_NO_COMMON_BLOCKS = YES;
				GCC_WARN_64_TO_32_BIT_CONVERSION = YES;
				GCC_WARN_ABOUT_RETURN_TYPE = YES_ERROR;
				GCC_WARN_UNDECLARED_SELECTOR = YES;
				GCC_WARN_UNINITIALIZED_AUTOS = YES_AGGRESSIVE;
				GCC_WARN_UNUSED_FUNCTION = YES;
				GCC_WARN_UNUSED_VARIABLE = YES;
				IPHONEOS_DEPLOYMENT_TARGET = 8.0;
				MTL_ENABLE_DEBUG_INFO = NO;
				SDKROOT = iphoneos;
				VALIDATE_PRODUCT = YES;
			};
			name = Release;
		};
		5C7644AB1E90F4DF00288043 /* Debug */ = {
			isa = XCBuildConfiguration;
			buildSettings = {
				ASSETCATALOG_COMPILER_APPICON_NAME = AppIcon;
				DEVELOPMENT_TEAM = VTM77ASKC8;
				INFOPLIST_FILE = LLProgressHUD/Info.plist;
				IPHONEOS_DEPLOYMENT_TARGET = 8.0;
				LD_RUNPATH_SEARCH_PATHS = "$(inherited) @executable_path/Frameworks";
				PRODUCT_BUNDLE_IDENTIFIER = com.LEVEN.LLProgressHUD;
				PRODUCT_NAME = "$(TARGET_NAME)";
			};
			name = Debug;
		};
		5C7644AC1E90F4DF00288043 /* Release */ = {
			isa = XCBuildConfiguration;
			buildSettings = {
				ASSETCATALOG_COMPILER_APPICON_NAME = AppIcon;
				DEVELOPMENT_TEAM = VTM77ASKC8;
				INFOPLIST_FILE = LLProgressHUD/Info.plist;
				IPHONEOS_DEPLOYMENT_TARGET = 8.0;
				LD_RUNPATH_SEARCH_PATHS = "$(inherited) @executable_path/Frameworks";
				PRODUCT_BUNDLE_IDENTIFIER = com.LEVEN.LLProgressHUD;
				PRODUCT_NAME = "$(TARGET_NAME)";
			};
			name = Release;
		};
/* End XCBuildConfiguration section */

/* Begin XCConfigurationList section */
		5C76448E1E90F4DF00288043 /* Build configuration list for PBXProject "LLProgressHUD" */ = {
			isa = XCConfigurationList;
			buildConfigurations = (
				5C7644A81E90F4DF00288043 /* Debug */,
				5C7644A91E90F4DF00288043 /* Release */,
			);
			defaultConfigurationIsVisible = 0;
			defaultConfigurationName = Release;
		};
		5C7644AA1E90F4DF00288043 /* Build configuration list for PBXNativeTarget "LLProgressHUD" */ = {
			isa = XCConfigurationList;
			buildConfigurations = (
				5C7644AB1E90F4DF00288043 /* Debug */,
				5C7644AC1E90F4DF00288043 /* Release */,
			);
			defaultConfigurationIsVisible = 0;
			defaultConfigurationName = Release;
		};
/* End XCConfigurationList section */
	};
	rootObject = 5C76448B1E90F4DF00288043 /* Project object */;
}
